
Microsoft Visual Studio Solution File, Format Version 10.00
# Visual Studio 2008
Project("{8BC9CEB8-8B4A-11D0-8D11-00A0C91BC942}") = "ZlibUse", "ZlibUse\ZlibUse.vcproj", "{E3FD8064-363A-4BD3-BAF0-1D360CF6A405}"
EndProject
Project("{8BC9CEB8-8B4A-11D0-8D11-00A0C91BC942}") = "ZlibPipe", "ZlibPipe\ZlibPipe.vcproj", "{AB5785CB-1160-4063-B08B-8AC295373BA0}"
EndProject
Global
	GlobalSection(SolutionConfigurationPlatforms) = preSolution
		Debug|Win32 = Debug|Win32
		Release|Win32 = Release|Win32
	EndGlobalSection
	GlobalSection(ProjectConfigurationPlatforms) = postSolution
		{E3FD8064-363A-4BD3-BAF0-1D360CF6A405}.Debug|Win32.ActiveCfg = Debug|Win32
		{E3FD8064-363A-4BD3-BAF0-1D360CF6A405}.Debug|Win32.Build.0 = Debug|Win32
		{E3FD8064-363A-4BD3-BAF0-1D360CF6A405}.Release|Win32.ActiveCfg = Release|Win32
		{E3FD8064-363A-4BD3-BAF0-1D360CF6A405}.Release|Win32.Build.0 = Release|Win32
		{AB5785CB-1160-4063-B08B-8AC295373BA0}.Debug|Win32.ActiveCfg = Debug|Win32
		{AB5785CB-1160-4063-B08B-8AC295373BA0}.Debug|Win32.Build.0 = Debug|Win32
		{AB5785CB-1160-4063-B08B-8AC295373BA0}.Release|Win32.ActiveCfg = Release|Win32
		{AB5785CB-1160-4063-B08B-8AC295373BA0}.Release|Win32.Build.0 = Release|Win32
	EndGlobalSection
	GlobalSection(SolutionProperties) = preSolution
		HideSolutionNode = FALSE
	EndGlobalSection
EndGlobal
